
Microsoft Visual Studio Solution File, Format Version 12.00
# Visual Studio Version 17
VisualStudioVersion = 17.0.32014.148
MinimumVisualStudioVersion = 10.0.40219.1
Project("{8BC9CEB8-8B4A-11D0-8D11-00A0C91BC942}") = "überrüfen", "überrüfen\überrüfen.vcxproj", "{C5CFCCFA-02E3-4366-9682-B489E6B95370}"
EndProject
Global
	GlobalSection(SolutionConfigurationPlatforms) = preSolution
		Debug|x64 = Debug|x64
		Debug|x86 = Debug|x86
		Release|x64 = Release|x64
		Release|x86 = Release|x86
	EndGlobalSection
	GlobalSection(ProjectConfigurationPlatforms) = postSolution
		{C5CFCCFA-02E3-4366-9682-B489E6B95370}.Debug|x64.ActiveCfg = Debug|x64
		{C5CFCCFA-02E3-4366-9682-B489E6B95370}.Debug|x64.Build.0 = Debug|x64
		{C5CFCCFA-02E3-4366-9682-B489E6B95370}.Debug|x86.ActiveCfg = Debug|Win32
		{C5CFCCFA-02E3-4366-9682-B489E6B95370}.Debug|x86.Build.0 = Debug|Win32
		{C5CFCCFA-02E3-4366-9682-B489E6B95370}.Release|x64.ActiveCfg = Release|x64
		{C5CFCCFA-02E3-4366-9682-B489E6B95370}.Release|x64.Build.0 = Release|x64
		{C5CFCCFA-02E3-4366-9682-B489E6B95370}.Release|x86.ActiveCfg = Release|Win32
		{C5CFCCFA-02E3-4366-9682-B489E6B95370}.Release|x86.Build.0 = Release|Win32
	EndGlobalSection
	GlobalSection(SolutionProperties) = preSolution
		HideSolutionNode = FALSE
	EndGlobalSection
	GlobalSection(ExtensibilityGlobals) = postSolution
		SolutionGuid = {210E3542-0D70-4D80-98B9-0AFA5F1F76B5}
	EndGlobalSection
EndGlobal
